Microsoft Visual Studio Solution File, Format Version 11.00
# Visual Studio 2008

Project("{6C91DA7B-2CBD-F5B4-8ED0-05F55BD8B81A}") = "DrinksApp", "Assembly-CSharp.csproj", "{9AD80EFF-1FBB-E182-BED0-00F2116B2DE6}"
EndProject
Project("{6C91DA7B-2CBD-F5B4-8ED0-05F55BD8B81A}") = "DrinksApp", "Assembly-CSharp-Editor.csproj", "{342AAE1D-7FEE-CCEE-B139-22B57482E42D}"
EndProject
Global
	GlobalSection(SolutionConfigurationPlatforms) = preSolution
		Debug|Any CPU = Debug|Any CPU
		Release|Any CPU = Release|Any CPU
	EndGlobalSection
	GlobalSection(ProjectConfigurationPlatforms) = postSolution
		{9AD80EFF-1FBB-E182-BED0-00F2116B2DE6}.Debug|Any CPU.ActiveCfg = Debug|Any CPU
		{9AD80EFF-1FBB-E182-BED0-00F2116B2DE6}.Debug|Any CPU.Build.0 = Debug|Any CPU
		{9AD80EFF-1FBB-E182-BED0-00F2116B2DE6}.Release|Any CPU.ActiveCfg = Release|Any CPU
		{9AD80EFF-1FBB-E182-BED0-00F2116B2DE6}.Release|Any CPU.Build.0 = Release|Any CPU
		{342AAE1D-7FEE-CCEE-B139-22B57482E42D}.Debug|Any CPU.ActiveCfg = Debug|Any CPU
		{342AAE1D-7FEE-CCEE-B139-22B57482E42D}.Debug|Any CPU.Build.0 = Debug|Any CPU
		{342AAE1D-7FEE-CCEE-B139-22B57482E42D}.Release|Any CPU.ActiveCfg = Release|Any CPU
		{342AAE1D-7FEE-CCEE-B139-22B57482E42D}.Release|Any CPU.Build.0 = Release|Any CPU
	EndGlobalSection
	GlobalSection(SolutionProperties) = preSolution
		HideSolutionNode = FALSE
	EndGlobalSection
	GlobalSection(MonoDevelopProperties) = preSolution
		StartupItem = Assembly-CSharp.csproj
	EndGlobalSection
EndGlobal
